
Microsoft Visual Studio Solution File, Format Version 12.00
# Visual Studio 2013
VisualStudioVersion = 12.0.30110.0
MinimumVisualStudioVersion = 10.0.40219.1
Project("{2150E333-8FDC-42A3-9474-1A3956D46DE8}") = "Services", "Services", "{9E8066B8-0100-4391-A457-75800BCEDAA0}"
EndProject
Project("{FAE04EC0-301F-11D3-BF4B-00C04F79EFBC}") = "WebAPI", "WebAPI\WebAPI.csproj", "{722040FA-5D5C-4F2D-B2FC-F8EE0029743A}"
EndProject
Project("{2150E333-8FDC-42A3-9474-1A3956D46DE8}") = "UI", "UI", "{29AA7F07-2782-4647-B61B-253665F69FB5}"
EndProject
Project("{FAE04EC0-301F-11D3-BF4B-00C04F79EFBC}") = "DemoClient", "DemoClient\DemoClient.csproj", "{8534D485-1E6F-4279-82E6-B670EBAFB39A}"
EndProject
Global
	GlobalSection(SolutionConfigurationPlatforms) = preSolution
		Debug|Any CPU = Debug|Any CPU
		Release|Any CPU = Release|Any CPU
	EndGlobalSection
	GlobalSection(ProjectConfigurationPlatforms) = postSolution
		{722040FA-5D5C-4F2D-B2FC-F8EE0029743A}.Debug|Any CPU.ActiveCfg = Debug|Any CPU
		{722040FA-5D5C-4F2D-B2FC-F8EE0029743A}.Debug|Any CPU.Build.0 = Debug|Any CPU
		{722040FA-5D5C-4F2D-B2FC-F8EE0029743A}.Release|Any CPU.ActiveCfg = Release|Any CPU
		{722040FA-5D5C-4F2D-B2FC-F8EE0029743A}.Release|Any CPU.Build.0 = Release|Any CPU
		{8534D485-1E6F-4279-82E6-B670EBAFB39A}.Debug|Any CPU.ActiveCfg = Debug|Any CPU
		{8534D485-1E6F-4279-82E6-B670EBAFB39A}.Debug|Any CPU.Build.0 = Debug|Any CPU
		{8534D485-1E6F-4279-82E6-B670EBAFB39A}.Release|Any CPU.ActiveCfg = Release|Any CPU
		{8534D485-1E6F-4279-82E6-B670EBAFB39A}.Release|Any CPU.Build.0 = Release|Any CPU
	EndGlobalSection
	GlobalSection(SolutionProperties) = preSolution
		HideSolutionNode = FALSE
	EndGlobalSection
	GlobalSection(NestedProjects) = preSolution
		{722040FA-5D5C-4F2D-B2FC-F8EE0029743A} = {9E8066B8-0100-4391-A457-75800BCEDAA0}
		{8534D485-1E6F-4279-82E6-B670EBAFB39A} = {29AA7F07-2782-4647-B61B-253665F69FB5}
	EndGlobalSection
EndGlobal
